{
  "object": {
    "pins": [
      {
        "package": "Kingfisher",
        "repositoryURL": "https://github.com/onevcat/Kingfisher.git",
        "state": {
          "branch": null,
          "revision": "de7c12c90fadf006cff6e6a47064df06d429d8a9",
          "version": "6.0.0"
        }
      }
    ]
  },
  "version": 1
}
